github.com/davecgh/go-spew v1.1.1 h1:vj9j/u1bqnvCEfJOwUhtlOARqs3+rkHYY13jYWTU97c=
github.com/davecgh/go-spew v1.1.1/go.mod h1:J7Y8YcW2NihsgmVo/mv3lAwl/skON4iLHjSsI+c5H38=
github.com/kr/fs v0.1.0 h1:Jskdu9ieNAYnjxsi0LbQp1ulIKZV1LAFgK1tWhpZgl8=
github.com/kr/fs v0.1.0/go.mod h1:FFnZGqtBN9Gxj7eW1uZ42v5BccTP0vu6NEaFoC2HwRg=
github.com/pkg/sftp v1.13.10 h1:+5FbKNTe5Z9aspU88DPIKJ9z2KZoaGCu6Sr6kKR/5mU=
github.com/pkg/sftp v1.13.10/go.mod h1:bJ1a7uDhrX/4OII+agvy28lzRvQrmIQuaHrcI1HbeGA=
github.com/pkg/sftp v1.13.11 h1:0N92SLTB8JqASJB14ZLHHzFnBV8mG9zw4K7jghEFWuE=
github.com/pkg/sftp v1.13.11/go.mod h1:uNkH9roSXglNJqM+glJJi+TQXQUm0fXFWqCFmT8hsN0=
github.com/pmezard/go-difflib v1.0.0 h1:4DBwDE0NGyQoBHbLQYPwSUPoCMWR5BEzIk/f1lZbAQM=
github.com/pmezard/go-difflib v1.0.0/go.mod h1:iKH77koFhYxTK1pcRnkKkqfTogsbg7gZNVY4sRDYZ/4=
github.com/stretchr/testify v1.10.0 h1:Xv5erBjTwe/5IxqUQTdXv5kgmIvbHo3QQyRwhJsOfJA=
github.com/stretchr/testify v1.10.0/go.mod h1:r2ic/lqez/lEtzL7wO/rwa5dbSLXVDPFyf8C91i36aY=
github.com/stretchr/testify v1.11.1 h1:7s2iGBzp5EwR7/aIZr8ao5+dra3wiQyKjjFuvgVKu7U=
github.com/visvasity/cli v0.0.0-20250729021438-02a4793adfad h1:qC4yIrwF7GYfYfRBUVZhJebzJEHTQrHysgmbNG5s/LU=
github.com/visvasity/cli v0.0.0-20250729021438-02a4793adfad/go.mod h1:ILMwbw7ura6UQfgCh3IIKnXBa267vHTBP/qNn6gAnYA=
github.com/visvasity/httphelp v0.0.0-20260823170325-43781e29f95a h1:MfaS2qb1sIbhKLL1b/b7lv0UtTfnb0yGb1IVwj1vapc=
github.com/visvasity/httphelp v0.0.0-20260823170325-43781e29f95a/go.mod h1:GVDTqxm2jHYEwOvD3aSbHUZpmqdaIxqAmHMVD1GKiS0=
github.com/visvasity/httphelp v0.0.0-20260907163547-e196ed060480 h1:juZDWLvjkJFcuWHBAR8RBloIvaw3/o1ePxa2F6NLn5w=
github.com/visvasity/httphelp v0.0.0-20260907163547-e196ed060480/go.mod h1:GVDTqxm2jHYEwOvD3aSbHUZpmqdaIxqAmHMVD1GKiS0=
github.com/visvasity/logdir v0.0.0-20260827142731-da26907bec48 h1:Q5oD2qE0KhpoN0I6rvDrP2328ZRv4lcd6AhL1+Stlwk=
github.com/visvasity/logdir v0.0.0-20260827142731-da26907bec48/go.mod h1:F60lXCL/TdkwYiQ850lIsQNbOna2d+skTVT+f1Idg5Q=
github.com/visvasity/opensslcmd v0.0.0-20260828143343-414381a6ca4b h1:a/CCyUbBfd6YgKZU9AOqLTTi5/IHrf9OHe62XFSGvC4=
github.com/visvasity/opensslcmd v0.0.0-20260828143343-414381a6ca4b/go.mod h1:m9oPkG5Rvyb5+yHsCad1pbRdHQXQTd77WI4bvw5yMBs=
github.com/visvasity/runcmd v0.0.0-20260828043052-add91d972083 h1:qRRFp0tHx/1NAJxaQ/I5L8sqjRuM1x/zyeQs2oJ9Jok=
github.com/visvasity/runcmd v0.0.0-20260828043052-add91d972083/go.mod h1:vrpNR86gTsuDuWSwTyCbrP3B+WqU29xLzh/SxNj8vHU=
github.com/visvasity/runcmd v0.0.0-20260906182823-7f680e156784 h1:OFn5PzqwRpLjySIZ5GM7vKiPtuvvSFJfR3l9V+aJJWI=
github.com/visvasity/runcmd v0.0.0-20260906182823-7f680e156784/go.mod h1:vrpNR86gTsuDuWSwTyCbrP3B+WqU29xLzh/SxNj8vHU=
github.com/visvasity/shcmd v0.0.0-20260530015806-73b805606199 h1:H2bvXp2NJTi+UTsrLZh3J/dkZKTxyyMmyr9zlbJzCuc=
github.com/visvasity/shcmd v0.0.0-20260530015806-73b805606199/go.mod h1:ZQhTliQ9X7ecllr1Z/AzA/74M19Z/b6IfuTPmmY2W74=
github.com/visvasity/syncmap v0.0.0-20241218025521-5599e6c230a7 h1:r8HaTmvUhdi4TTwcESTguWUHzujRFyMI/bUvWfSoF8Q=
github.com/visvasity/syncmap v0.0.0-20241218025521-5599e6c230a7/go.mod h1:SMJL78NBYF7GlGIPYUrV2vdmuIbtxJBBCE7NWT35FMc=
github.com/visvasity/unixcmds v0.0.0-20260529025427-9d4cc2672409 h1:IaRq3plji7uOyfnTWk48+IO9UufBFc2OfQJpFwPBb1g=
github.com/visvasity/unixcmds v0.0.0-20260529025427-9d4cc2672409/go.mod h1:Lg+/LfWN39cTcFBxV8HhPnkBfMvU/lxAb0an/I8FOqI=
github.com/visvasity/unixcmds v0.0.0-20260607191800-4f960b7b33c7 h1:n00epQE/2oKiIRS1dF3YPKD4hWyJo9dhypSldRDco5c=
github.com/visvasity/unixcmds v0.0.0-20260607191800-4f960b7b33c7/go.mod h1:xDjeEhlRK5qswpDh82//rhMgIXtNBbIuQNt85cljUS8=
golang.org/x/crypto v0.52.0 h1:RMs7fP2rXdep0CftQlK8Uf+kibLm7qkCcradZWYz988=
golang.org/x/crypto v0.52.0/go.mod h1:1QgfPxDqh0T2M/elOJtp9RvuR95kVjir0e6/BvEmGbc=
golang.org/x/crypto v0.57.0 h1:3ZVCjf8Ggz7zneR/EHRVx68Ctf+2pmIMP2UFhh9cC6M=
golang.org/x/crypto v0.57.0/go.mod h1:Fdz0i5U6CoizGwLda9DttjSk6qlZo25zYNtR+ycvuZA=
golang.org/x/sys v0.45.0 h1:dO4czNzziLiiXplLQgBCEpCvXQ3dnkn0SdaZSYdQ+FY=
golang.org/x/sys v0.45.0/go.mod h1:4GL1E5IUh+htKOUEOaiffhrAeqysfVGipDYzABqnCmw=
golang.org/x/sys v0.48.0 h1:bbX/i/6MgT9BVLM9RT1thmxL04yeTAhbEz4SyadbXoo=
golang.org/x/sys v0.48.0/go.mod h1:hNLxWAXmnKAxqDtdwIYC4bM9oQPEecfsnNMuSxOs3og=
golang.org/x/term v0.43.0 h1:S4RLU2sB31O/NCl+zFN9Aru9A/Cq2aqKpTZJ6B+DwT4=
golang.org/x/term v0.43.0/go.mod h1:lrhlHNdQJHO+1qVYiHfFKVuVioJIheAc3fBSMFYEIsk=
golang.org/x/term v0.46.0 h1:3+OXuTbaKDgwk8jTi3aSLHRlmWqHEUDUtxnbFigO4YE=
gopkg.in/yaml.v3 v3.0.1 h1:fxVm/GzAzEWqLHuvctI91KS9hhNmmWOoWu0XTYJS7CA=
gopkg.in/yaml.v3 v3.0.1/go.mod h1:K4uyk7z7BCEPqu6E+C64Yfv1cQ7kz7rIZviUmN+EgEM=
