github.com/visvasity/cli v0.0.0-20250729021438-02a4793adfad h1:qC4yIrwF7GYfYfRBUVZhJebzJEHTQrHysgmbNG5s/LU=
github.com/visvasity/cli v0.0.0-20250729021438-02a4793adfad/go.mod h1:ILMwbw7ura6UQfgCh3IIKnXBa267vHTBP/qNn6gAnYA=
github.com/visvasity/httphelp v0.0.0-20260823170325-43781e29f95a h1:MfaS2qb1sIbhKLL1b/b7lv0UtTfnb0yGb1IVwj1vapc=
github.com/visvasity/httphelp v0.0.0-20260823170325-43781e29f95a/go.mod h1:GVDTqxm2jHYEwOvD3aSbHUZpmqdaIxqAmHMVD1GKiS0=
github.com/visvasity/logdir v0.0.0-20260827142731-da26907bec48 h1:Q5oD2qE0KhpoN0I6rvDrP2328ZRv4lcd6AhL1+Stlwk=
github.com/visvasity/logdir v0.0.0-20260827142731-da26907bec48/go.mod h1:F60lXCL/TdkwYiQ850lIsQNbOna2d+skTVT+f1Idg5Q=
github.com/visvasity/runcmd v0.0.0-20260828043052-add91d972083 h1:qRRFp0tHx/1NAJxaQ/I5L8sqjRuM1x/zyeQs2oJ9Jok=
github.com/visvasity/runcmd v0.0.0-20260828043052-add91d972083/go.mod h1:vrpNR86gTsuDuWSwTyCbrP3B+WqU29xLzh/SxNj8vHU=
github.com/visvasity/syncmap v0.0.0-20241218025521-5599e6c230a7 h1:r8HaTmvUhdi4TTwcESTguWUHzujRFyMI/bUvWfSoF8Q=
github.com/visvasity/syncmap v0.0.0-20241218025521-5599e6c230a7/go.mod h1:SMJL78NBYF7GlGIPYUrV2vdmuIbtxJBBCE7NWT35FMc=
